
Microsoft Visual Studio Solution File, Format Version 12.00
# Visual Studio Version 16
VisualStudioVersion = 16.0.30330.147
MinimumVisualStudioVersion = 10.0.40219.1
Project("{FAE04EC0-301F-11D3-BF4B-00C04F79EFBC}") = "PriceCalculation", "PriceCalculation\PriceCalculation.csproj", "{A7E3A597-4000-469B-9559-2AE500E30B4F}"
EndProject
Project("{FAE04EC0-301F-11D3-BF4B-00C04F79EFBC}") = "NUnitTestPriceCalculationApp", "NUnitTestPriceCalculationApp\NUnitTestPriceCalculationApp.csproj", "{BA6FA5AA-3A78-4DBB-B92C-064DCFE0B35F}"
EndProject
Global
	GlobalSection(SolutionConfigurationPlatforms) = preSolution
		Debug|Any CPU = Debug|Any CPU
		Release|Any CPU = Release|Any CPU
	EndGlobalSection
	GlobalSection(ProjectConfigurationPlatforms) = postSolution
		{A7E3A597-4000-469B-9559-2AE500E30B4F}.Debug|Any CPU.ActiveCfg = Debug|Any CPU
		{A7E3A597-4000-469B-9559-2AE500E30B4F}.Debug|Any CPU.Build.0 = Debug|Any CPU
		{A7E3A597-4000-469B-9559-2AE500E30B4F}.Release|Any CPU.ActiveCfg = Release|Any CPU
		{A7E3A597-4000-469B-9559-2AE500E30B4F}.Release|Any CPU.Build.0 = Release|Any CPU
		{BA6FA5AA-3A78-4DBB-B92C-064DCFE0B35F}.Debug|Any CPU.ActiveCfg = Debug|Any CPU
		{BA6FA5AA-3A78-4DBB-B92C-064DCFE0B35F}.Debug|Any CPU.Build.0 = Debug|Any CPU
		{BA6FA5AA-3A78-4DBB-B92C-064DCFE0B35F}.Release|Any CPU.ActiveCfg = Release|Any CPU
		{BA6FA5AA-3A78-4DBB-B92C-064DCFE0B35F}.Release|Any CPU.Build.0 = Release|Any CPU
	EndGlobalSection
	GlobalSection(SolutionProperties) = preSolution
		HideSolutionNode = FALSE
	EndGlobalSection
	GlobalSection(ExtensibilityGlobals) = postSolution
		SolutionGuid = {E93B7784-4D36-4FC9-BCC3-B2BFDB3B56E3}
	EndGlobalSection
EndGlobal
